
Microsoft Visual Studio Solution File, Format Version 12.00
# Visual Studio Version 17
VisualStudioVersion = 17.1.32414.318
MinimumVisualStudioVersion = 10.0.40219.1
Project("{FAE04EC0-301F-11D3-BF4B-00C04F79EFBC}") = "ConsoleApp12", "ConsoleApp12\ConsoleApp12.csproj", "{39FF9EE0-9562-462A-82E6-A9A699C99C91}"
EndProject
Global
	GlobalSection(SolutionConfigurationPlatforms) = preSolution
		Debug|Any CPU = Debug|Any CPU
		Release|Any CPU = Release|Any CPU
	EndGlobalSection
	GlobalSection(ProjectConfigurationPlatforms) = postSolution
		{39FF9EE0-9562-462A-82E6-A9A699C99C91}.Debug|Any CPU.ActiveCfg = Debug|Any CPU
		{39FF9EE0-9562-462A-82E6-A9A699C99C91}.Debug|Any CPU.Build.0 = Debug|Any CPU
		{39FF9EE0-9562-462A-82E6-A9A699C99C91}.Release|Any CPU.ActiveCfg = Release|Any CPU
		{39FF9EE0-9562-462A-82E6-A9A699C99C91}.Release|Any CPU.Build.0 = Release|Any CPU
	EndGlobalSection
	GlobalSection(SolutionProperties) = preSolution
		HideSolutionNode = FALSE
	EndGlobalSection
	GlobalSection(ExtensibilityGlobals) = postSolution
		SolutionGuid = {2F52F7BB-4CFC-45FD-A00A-E1E8C9BBCF5B}
	EndGlobalSection
EndGlobal
